// !$*UTF8*$!
{
	archiveVersion = 1;
	classes = {
	};
	objectVersion = 56;
	objects = {

/* Begin PBXBuildFile section */
		2B1C799628FEAB0600D53658 /* OrzMCApp.swift in Sources */ = {isa = PBXBuildFile; fileRef = 2B1C799528FEAB0600D53658 /* OrzMCApp.swift */; };
		2B1C799F28FEAB0700D53658 /* Assets.xcassets in Resources */ = {isa = PBXBuildFile; fileRef = 2B1C799E28FEAB0700D53658 /* Assets.xcassets */; };
		2B1C79A328FEAB0700D53658 /* Preview Assets.xcassets in Resources */ = {isa = PBXBuildFile; fileRef = 2B1C79A228FEAB0700D53658 /* Preview Assets.xcassets */; };
		2B3B2E5C2E0C4DF7001F91AB /* Localizable.xcstrings in Resources */ = {isa = PBXBuildFile; fileRef = 2B3B2E5B2E0C4DF7001F91AB /* Localizable.xcstrings */; };
		2B54E0872BDDFB16001B6877 /* Version+.swift in Sources */ = {isa = PBXBuildFile; fileRef = 2B54E0862BDDFB16001B6877 /* Version+.swift */; platformFilters = (macos, ); };
		2B54E08A2BDE0945001B6877 /* GameInfoView.swift in Sources */ = {isa = PBXBuildFile; fileRef = 2B54E0892BDE0945001B6877 /* GameInfoView.swift */; platformFilters = (macos, ); };
		2B54E08C2BDE0ACA001B6877 /* BasicInfo.swift in Sources */ = {isa = PBXBuildFile; fileRef = 2B54E08B2BDE0ACA001B6877 /* BasicInfo.swift */; platformFilters = (macos, ); };
		2B54E08E2BDE21A4001B6877 /* MacOSScene.swift in Sources */ = {isa = PBXBuildFile; fileRef = 2B54E08D2BDE21A4001B6877 /* MacOSScene.swift */; platformFilters = (macos, ); };
		2B5ACA562BFB136200397BFC /* ExarotonCreditPoolView.swift in Sources */ = {isa = PBXBuildFile; fileRef = 2B5ACA552BFB136200397BFC /* ExarotonCreditPoolView.swift */; };
		2B5ACA592BFB267B00397BFC /* ExarotonCreditPoolDetail.swift in Sources */ = {isa = PBXBuildFile; fileRef = 2B5ACA582BFB267B00397BFC /* ExarotonCreditPoolDetail.swift */; };
		2B5ACA5B2BFB28B100397BFC /* ExarotonAPI+.swift in Sources */ = {isa = PBXBuildFile; fileRef = 2B5ACA5A2BFB28B100397BFC /* ExarotonAPI+.swift */; };
		2B5ACA5D2BFB28E700397BFC /* String+.swift in Sources */ = {isa = PBXBuildFile; fileRef = 2B5ACA5C2BFB28E700397BFC /* String+.swift */; };
		2B5ACA5F2BFB2A1200397BFC /* ExarotonServerModel+HTTP.swift in Sources */ = {isa = PBXBuildFile; fileRef = 2B5ACA5E2BFB2A1200397BFC /* ExarotonServerModel+HTTP.swift */; };
		2B5ACA612BFB2A1900397BFC /* ExarotonServerModel+WebSocket.swift in Sources */ = {isa = PBXBuildFile; fileRef = 2B5ACA602BFB2A1900397BFC /* ExarotonServerModel+WebSocket.swift */; };
		2B5ACA632BFB2A8300397BFC /* Config.swift in Sources */ = {isa = PBXBuildFile; fileRef = 2B5ACA622BFB2A8300397BFC /* Config.swift */; };
		2B5ACA682BFB312300397BFC /* ExarotonCreditView.swift in Sources */ = {isa = PBXBuildFile; fileRef = 2B5ACA672BFB312300397BFC /* ExarotonCreditView.swift */; };
		2B5ACA6A2BFB5C8A00397BFC /* ExarotonTradeMarkView.swift in Sources */ = {isa = PBXBuildFile; fileRef = 2B5ACA692BFB5C8A00397BFC /* ExarotonTradeMarkView.swift */; };
		2B5BC3D52BFC4B4100348C00 /* ExarotonAccountTokenInputView.swift in Sources */ = {isa = PBXBuildFile; fileRef = 2B5BC3D42BFC4B4100348C00 /* ExarotonAccountTokenInputView.swift */; };
		2B5BC3D72BFC527E00348C00 /* ExarotonServerPlayList.swift in Sources */ = {isa = PBXBuildFile; fileRef = 2B5BC3D62BFC527E00348C00 /* ExarotonServerPlayList.swift */; };
		2B5E409E2BFD9683007216E7 /* ExarotonContent.swift in Sources */ = {isa = PBXBuildFile; fileRef = 2B5E409D2BFD9683007216E7 /* ExarotonContent.swift */; };
		2B62C9752BF71D5B00387498 /* FeedbackToAuthor.swift in Sources */ = {isa = PBXBuildFile; fileRef = 2B62C9742BF71D5B00387498 /* FeedbackToAuthor.swift */; platformFilters = (macos, ); };
		2B62C97D2BF7216000387498 /* ExarotonServerDetail.swift in Sources */ = {isa = PBXBuildFile; fileRef = 2B62C97C2BF7216000387498 /* ExarotonServerDetail.swift */; };
		2B62C9852BF73F0200387498 /* ExarotonServerList.swift in Sources */ = {isa = PBXBuildFile; fileRef = 2B62C9842BF73F0200387498 /* ExarotonServerList.swift */; };
		2B62C9922BF76C6600387498 /* ExarotonServerModel.swift in Sources */ = {isa = PBXBuildFile; fileRef = 2B62C9912BF76C6600387498 /* ExarotonServerModel.swift */; };
		2B79DCF629066BBC000C21A1 /* ContentView.swift in Sources */ = {isa = PBXBuildFile; fileRef = 2B79DCF529066BBC000C21A1 /* ContentView.swift */; platformFilter = ios; };
		2B8442F62E17B28D00CB0EA0 /* Game in Frameworks */ = {isa = PBXBuildFile; platformFilters = (macos, ); productRef = 2B8442F52E17B28D00CB0EA0 /* Game */; };
		2B8AB1CE2DA0CDF700DA6605 /* LinkMenu.swift in Sources */ = {isa = PBXBuildFile; fileRef = 2B8AB1CD2DA0CDF700DA6605 /* LinkMenu.swift */; };
		2B8AB1D02DA0D22200DA6605 /* DetailViewTool.swift in Sources */ = {isa = PBXBuildFile; fileRef = 2B8AB1CF2DA0D22200DA6605 /* DetailViewTool.swift */; };
		2BA06D722DA2DD760043C0CE /* SideBarTool.swift in Sources */ = {isa = PBXBuildFile; fileRef = 2BA06D712DA2DD760043C0CE /* SideBarTool.swift */; platformFilters = (macos, ); };
		2BA06D742DA2E6500043C0CE /* GameList.swift in Sources */ = {isa = PBXBuildFile; fileRef = 2BA06D732DA2E6500043C0CE /* GameList.swift */; platformFilters = (macos, ); };
		2BA7F9942CA5848200ED2684 /* SettingsView.swift in Sources */ = {isa = PBXBuildFile; fileRef = 2BA7F9932CA5848200ED2684 /* SettingsView.swift */; platformFilters = (macos, ); };
		2BA7F9962CA58DFD00ED2684 /* SettingsModel.swift in Sources */ = {isa = PBXBuildFile; fileRef = 2BA7F9952CA58DFD00ED2684 /* SettingsModel.swift */; platformFilters = (macos, ); };
		2BD03D792907F93200BE1D1F /* Model.swift in Sources */ = {isa = PBXBuildFile; fileRef = 2BD03D782907F93200BE1D1F /* Model.swift */; platformFilter = ios; };
		2BD301EF29000B2C00993823 /* LauncherUI.swift in Sources */ = {isa = PBXBuildFile; fileRef = 2BD301EE29000B2C00993823 /* LauncherUI.swift */; platformFilters = (macos, ); };
		E20C658A2C8AFD8400831909 /* OrzAppUpdater in Frameworks */ = {isa = PBXBuildFile; platformFilters = (macos, ); productRef = E20C65892C8AFD8400831909 /* OrzAppUpdater */; };
		E20C658C2C8AFD8F00831909 /* ExarotonHTTP in Frameworks */ = {isa = PBXBuildFile; productRef = E20C658B2C8AFD8F00831909 /* ExarotonHTTP */; };
		E20C65922C8AFDB400831909 /* SwiftUIX in Frameworks */ = {isa = PBXBuildFile; platformFilters = (macos, ); productRef = E20C65912C8AFDB400831909 /* SwiftUIX */; };
		E20C65942C8AFE4F00831909 /* ExarotonWebSocket in Frameworks */ = {isa = PBXBuildFile; productRef = E20C65932C8AFE4F00831909 /* ExarotonWebSocket */; };
		F30F00ED2BDBDF7000CAA802 /* GameView.swift in Sources */ = {isa = PBXBuildFile; fileRef = F30F00EC2BDBDF7000CAA802 /* GameView.swift */; platformFilters = (macos, ); };
		F30F00EF2BDC966900CAA802 /* GameModel.swift in Sources */ = {isa = PBXBuildFile; fileRef = F30F00EE2BDC966900CAA802 /* GameModel.swift */; platformFilters = (macos, ); };
		F30F00F12BDCC6D900CAA802 /* GUIClient.swift in Sources */ = {isa = PBXBuildFile; fileRef = F30F00F02BDCC6D900CAA802 /* GUIClient.swift */; platformFilters = (macos, ); };
		F30F00F32BDCCBD300CAA802 /* GUIServer.swift in Sources */ = {isa = PBXBuildFile; fileRef = F30F00F22BDCCBD300CAA802 /* GUIServer.swift */; platformFilters = (macos, ); };
		F310C79C2C8B47DF00590F32 /* Socket in Frameworks */ = {isa = PBXBuildFile; platformFilter = ios; productRef = F310C79B2C8B47DF00590F32 /* Socket */; };
		F310C79E2C8B535700590F32 /* ExarotonCopyableText.swift in Sources */ = {isa = PBXBuildFile; fileRef = F310C79D2C8B535700590F32 /* ExarotonCopyableText.swift */; };
		F310C7A02C8B6B5D00590F32 /* documentation.docc in Sources */ = {isa = PBXBuildFile; fileRef = F310C79F2C8B6B5D00590F32 /* documentation.docc */; };
		F3B18FAC2BE242A2002C7851 /* Constants.swift in Sources */ = {isa = PBXBuildFile; fileRef = F3B18FAB2BE242A2002C7851 /* Constants.swift */; };
		F3B4D0CD2A1A776A0095B108 /* Int32+littleEndianBytes.swift in Sources */ = {isa = PBXBuildFile; fileRef = F3B4D0BB2A1A776A0095B108 /* Int32+littleEndianBytes.swift */; platformFilter = ios; };
		F3B4D0CE2A1A776A0095B108 /* MCRCON.swift in Sources */ = {isa = PBXBuildFile; fileRef = F3B4D0BC2A1A776A0095B108 /* MCRCON.swift */; platformFilter = ios; };
		F3B4D0CF2A1A776A0095B108 /* RCONPacket.swift in Sources */ = {isa = PBXBuildFile; fileRef = F3B4D0BD2A1A776A0095B108 /* RCONPacket.swift */; platformFilter = ios; };
		F3B4D0D02A1A776A0095B108 /* MCRCONError.swift in Sources */ = {isa = PBXBuildFile; fileRef = F3B4D0BE2A1A776A0095B108 /* MCRCONError.swift */; platformFilter = ios; };
		F3B4D0D12A1A776A0095B108 /* MCSLPPacket.swift in Sources */ = {isa = PBXBuildFile; fileRef = F3B4D0C02A1A776A0095B108 /* MCSLPPacket.swift */; platformFilter = ios; };
		F3B4D0D22A1A776A0095B108 /* MCSLPStatus.swift in Sources */ = {isa = PBXBuildFile; fileRef = F3B4D0C12A1A776A0095B108 /* MCSLPStatus.swift */; platformFilter = ios; };
		F3B4D0D32A1A776A0095B108 /* String+base64Image.swift in Sources */ = {isa = PBXBuildFile; fileRef = F3B4D0C22A1A776A0095B108 /* String+base64Image.swift */; platformFilter = ios; };
		F3B4D0D42A1A776A0095B108 /* MCSLP.swift in Sources */ = {isa = PBXBuildFile; fileRef = F3B4D0C32A1A776A0095B108 /* MCSLP.swift */; platformFilter = ios; };
		F3B4D0D52A1A776A0095B108 /* MCSLPError.swift in Sources */ = {isa = PBXBuildFile; fileRef = F3B4D0C42A1A776A0095B108 /* MCSLPError.swift */; platformFilter = ios; };
		F3B4D0D62A1A776A0095B108 /* Array+UInt8.swift in Sources */ = {isa = PBXBuildFile; fileRef = F3B4D0C62A1A776A0095B108 /* Array+UInt8.swift */; platformFilter = ios; };
		F3B4D0D72A1A776A0095B108 /* MCServerStatus.swift in Sources */ = {isa = PBXBuildFile; fileRef = F3B4D0C72A1A776A0095B108 /* MCServerStatus.swift */; platformFilter = ios; };
		F3B4D0D82A1A776A0095B108 /* MCQueryError.swift in Sources */ = {isa = PBXBuildFile; fileRef = F3B4D0C82A1A776A0095B108 /* MCQueryError.swift */; platformFilter = ios; };
		F3B4D0D92A1A776A0095B108 /* MCQuery.swift in Sources */ = {isa = PBXBuildFile; fileRef = F3B4D0C92A1A776A0095B108 /* MCQuery.swift */; platformFilter = ios; };
		F3B4D0DA2A1A776A0095B108 /* Int32+BigEndianBytes.swift in Sources */ = {isa = PBXBuildFile; fileRef = F3B4D0CA2A1A776A0095B108 /* Int32+BigEndianBytes.swift */; platformFilter = ios; };
		F3B4D0DB2A1A776A0095B108 /* MCQuery+Packet.swift in Sources */ = {isa = PBXBuildFile; fileRef = F3B4D0CB2A1A776A0095B108 /* MCQuery+Packet.swift */; platformFilter = ios; };
		F3B4D0DC2A1A776A0095B108 /* String+MOTD.swift in Sources */ = {isa = PBXBuildFile; fileRef = F3B4D0CC2A1A776A0095B108 /* String+MOTD.swift */; platformFilter = ios; };
		F3B4D0DF2A1A777A0095B108 /* MCServerInfo.swift in Sources */ = {isa = PBXBuildFile; fileRef = F3B4D0DD2A1A777A0095B108 /* MCServerInfo.swift */; platformFilter = ios; };
		F3B4D0E02A1A777A0095B108 /* MCServerStatusInfo.swift in Sources */ = {isa = PBXBuildFile; fileRef = F3B4D0DE2A1A777A0095B108 /* MCServerStatusInfo.swift */; platformFilter = ios; };
		F3B4D0E72A1A7BEB0095B108 /* MCServerInfo+Equatable.swift in Sources */ = {isa = PBXBuildFile; fileRef = F3B4D0E62A1A7BEB0095B108 /* MCServerInfo+Equatable.swift */; platformFilter = ios; };
		F3FE52112BF7B494006E79AA /* ExarotonServerStatusView.swift in Sources */ = {isa = PBXBuildFile; fileRef = F3FE52102BF7B494006E79AA /* ExarotonServerStatusView.swift */; };
		F3FE52132BF7B4FC006E79AA /* ExarotonServerView.swift in Sources */ = {isa = PBXBuildFile; fileRef = F3FE52122BF7B4FC006E79AA /* ExarotonServerView.swift */; };
		C0D000010000000000000001 /* LauncherServices.swift in Sources */ = {isa = PBXBuildFile; fileRef = C0D000020000000000000001 /* LauncherServices.swift */; platformFilters = (macos, ); };
		C0D000010000000000000002 /* LauncherServicesTests.swift in Sources */ = {isa = PBXBuildFile; fileRef = C0D000020000000000000002 /* LauncherServicesTests.swift */; };
		C0D000010000000000000003 /* ProtocolPacketTests.swift in Sources */ = {isa = PBXBuildFile; fileRef = C0D000020000000000000003 /* ProtocolPacketTests.swift */; };
		C0D000010000000000000004 /* MCSLPPacket.swift in Sources */ = {isa = PBXBuildFile; fileRef = F3B4D0C02A1A776A0095B108 /* MCSLPPacket.swift */; };
		C0D000010000000000000005 /* MCSLPError.swift in Sources */ = {isa = PBXBuildFile; fileRef = F3B4D0C42A1A776A0095B108 /* MCSLPError.swift */; };
		C0D000010000000000000006 /* RCONPacket.swift in Sources */ = {isa = PBXBuildFile; fileRef = F3B4D0BD2A1A776A0095B108 /* RCONPacket.swift */; };
		C0D000010000000000000007 /* Int32+littleEndianBytes.swift in Sources */ = {isa = PBXBuildFile; fileRef = F3B4D0BB2A1A776A0095B108 /* Int32+littleEndianBytes.swift */; };
/* End PBXBuildFile section */

/* Begin PBXContainerItemProxy section */
		C0D000090000000000000001 /* PBXContainerItemProxy */ = {
			isa = PBXContainerItemProxy;
			containerPortal = 2B1C798A28FEAB0600D53658 /* Project object */;
			proxyType = 1;
			remoteGlobalIDString = 2B1C799128FEAB0600D53658;
			remoteInfo = OrzMC;
		};
/* End PBXContainerItemProxy section */

/* Begin PBXFileReference section */
		2B1C799228FEAB0600D53658 /* OrzMC.app */ = {isa = PBXFileReference; explicitFileType = wrapper.application; includeInIndex = 0; path = OrzMC.app; sourceTree = BUILT_PRODUCTS_DIR; };
		C0D000020000000000000004 /* OrzMCTests.xctest */ = {isa = PBXFileReference; explicitFileType = wrapper.cfbundle; includeInIndex = 0; path = OrzMCTests.xctest; sourceTree = BUILT_PRODUCTS_DIR; };
		2B1C799528FEAB0600D53658 /* OrzMCApp.swift */ = {isa = PBXFileReference; lastKnownFileType = sourcecode.swift; path = OrzMCApp.swift; sourceTree = "<group>"; };
		2B1C799E28FEAB0700D53658 /* Assets.xcassets */ = {isa = PBXFileReference; lastKnownFileType = folder.assetcatalog; path = Assets.xcassets; sourceTree = "<group>"; };
		2B1C79A028FEAB0700D53658 /* OrzMC.entitlements */ = {isa = PBXFileReference; lastKnownFileType = text.plist.entitlements; path = OrzMC.entitlements; sourceTree = "<group>"; };
		2B1C79A228FEAB0700D53658 /* Preview Assets.xcassets */ = {isa = PBXFileReference; lastKnownFileType = folder.assetcatalog; path = "Preview Assets.xcassets"; sourceTree = "<group>"; };
		2B3B2E5B2E0C4DF7001F91AB /* Localizable.xcstrings */ = {isa = PBXFileReference; lastKnownFileType = text.json.xcstrings; path = Localizable.xcstrings; sourceTree = "<group>"; };
		2B54E0862BDDFB16001B6877 /* Version+.swift */ = {isa = PBXFileReference; lastKnownFileType = sourcecode.swift; path = "Version+.swift"; sourceTree = "<group>"; };
		2B54E0892BDE0945001B6877 /* GameInfoView.swift */ = {isa = PBXFileReference; lastKnownFileType = sourcecode.swift; path = GameInfoView.swift; sourceTree = "<group>"; };
		2B54E08B2BDE0ACA001B6877 /* BasicInfo.swift */ = {isa = PBXFileReference; lastKnownFileType = sourcecode.swift; path = BasicInfo.swift; sourceTree = "<group>"; };
		2B54E08D2BDE21A4001B6877 /* MacOSScene.swift */ = {isa = PBXFileReference; lastKnownFileType = sourcecode.swift; path = MacOSScene.swift; sourceTree = "<group>"; };
		2B5ACA552BFB136200397BFC /* ExarotonCreditPoolView.swift */ = {isa = PBXFileReference; lastKnownFileType = sourcecode.swift; path = ExarotonCreditPoolView.swift; sourceTree = "<group>"; };
		2B5ACA582BFB267B00397BFC /* ExarotonCreditPoolDetail.swift */ = {isa = PBXFileReference; lastKnownFileType = sourcecode.swift; path = ExarotonCreditPoolDetail.swift; sourceTree = "<group>"; };
		2B5ACA5A2BFB28B100397BFC /* ExarotonAPI+.swift */ = {isa = PBXFileReference; lastKnownFileType = sourcecode.swift; path = "ExarotonAPI+.swift"; sourceTree = "<group>"; };
		2B5ACA5C2BFB28E700397BFC /* String+.swift */ = {isa = PBXFileReference; lastKnownFileType = sourcecode.swift; path = "String+.swift"; sourceTree = "<group>"; };
		2B5ACA5E2BFB2A1200397BFC /* ExarotonServerModel+HTTP.swift */ = {isa = PBXFileReference; lastKnownFileType = sourcecode.swift; path = "ExarotonServerModel+HTTP.swift"; sourceTree = "<group>"; };
		2B5ACA602BFB2A1900397BFC /* ExarotonServerModel+WebSocket.swift */ = {isa = PBXFileReference; lastKnownFileType = sourcecode.swift; path = "ExarotonServerModel+WebSocket.swift"; sourceTree = "<group>"; };
		2B5ACA622BFB2A8300397BFC /* Config.swift */ = {isa = PBXFileReference; lastKnownFileType = sourcecode.swift; path = Config.swift; sourceTree = "<group>"; };
		2B5ACA672BFB312300397BFC /* ExarotonCreditView.swift */ = {isa = PBXFileReference; lastKnownFileType = sourcecode.swift; path = ExarotonCreditView.swift; sourceTree = "<group>"; };
		2B5ACA692BFB5C8A00397BFC /* ExarotonTradeMarkView.swift */ = {isa = PBXFileReference; lastKnownFileType = sourcecode.swift; path = ExarotonTradeMarkView.swift; sourceTree = "<group>"; };
		2B5BC3D42BFC4B4100348C00 /* ExarotonAccountTokenInputView.swift */ = {isa = PBXFileReference; lastKnownFileType = sourcecode.swift; path = ExarotonAccountTokenInputView.swift; sourceTree = "<group>"; };
		2B5BC3D62BFC527E00348C00 /* ExarotonServerPlayList.swift */ = {isa = PBXFileReference; lastKnownFileType = sourcecode.swift; path = ExarotonServerPlayList.swift; sourceTree = "<group>"; };
		2B5E409D2BFD9683007216E7 /* ExarotonContent.swift */ = {isa = PBXFileReference; lastKnownFileType = sourcecode.swift; path = ExarotonContent.swift; sourceTree = "<group>"; };
		2B62C9742BF71D5B00387498 /* FeedbackToAuthor.swift */ = {isa = PBXFileReference; lastKnownFileType = sourcecode.swift; path = FeedbackToAuthor.swift; sourceTree = "<group>"; };
		2B62C97C2BF7216000387498 /* ExarotonServerDetail.swift */ = {isa = PBXFileReference; lastKnownFileType = sourcecode.swift; path = ExarotonServerDetail.swift; sourceTree = "<group>"; };
		2B62C9842BF73F0200387498 /* ExarotonServerList.swift */ = {isa = PBXFileReference; lastKnownFileType = sourcecode.swift; path = ExarotonServerList.swift; sourceTree = "<group>"; };
		2B62C9912BF76C6600387498 /* ExarotonServerModel.swift */ = {isa = PBXFileReference; lastKnownFileType = sourcecode.swift; path = ExarotonServerModel.swift; sourceTree = "<group>"; };
		2B79DCF529066BBC000C21A1 /* ContentView.swift */ = {isa = PBXFileReference; lastKnownFileType = sourcecode.swift; path = ContentView.swift; sourceTree = "<group>"; };
		2B8442F82E17D38800CB0EA0 /* README.md */ = {isa = PBXFileReference; lastKnownFileType = net.daringfireball.markdown; path = README.md; sourceTree = "<group>"; };
		2B8AB1CD2DA0CDF700DA6605 /* LinkMenu.swift */ = {isa = PBXFileReference; lastKnownFileType = sourcecode.swift; path = LinkMenu.swift; sourceTree = "<group>"; };
		2B8AB1CF2DA0D22200DA6605 /* DetailViewTool.swift */ = {isa = PBXFileReference; lastKnownFileType = sourcecode.swift; path = DetailViewTool.swift; sourceTree = "<group>"; };
		2BA06D712DA2DD760043C0CE /* SideBarTool.swift */ = {isa = PBXFileReference; lastKnownFileType = sourcecode.swift; path = SideBarTool.swift; sourceTree = "<group>"; };
		2BA06D732DA2E6500043C0CE /* GameList.swift */ = {isa = PBXFileReference; lastKnownFileType = sourcecode.swift; path = GameList.swift; sourceTree = "<group>"; };
		2BA7F9932CA5848200ED2684 /* SettingsView.swift */ = {isa = PBXFileReference; lastKnownFileType = sourcecode.swift; path = SettingsView.swift; sourceTree = "<group>"; };
		2BA7F9952CA58DFD00ED2684 /* SettingsModel.swift */ = {isa = PBXFileReference; lastKnownFileType = sourcecode.swift; path = SettingsModel.swift; sourceTree = "<group>"; };
		2BD03D782907F93200BE1D1F /* Model.swift */ = {isa = PBXFileReference; lastKnownFileType = sourcecode.swift; path = Model.swift; sourceTree = "<group>"; };
		2BD301EE29000B2C00993823 /* LauncherUI.swift */ = {isa = PBXFileReference; lastKnownFileType = sourcecode.swift; path = LauncherUI.swift; sourceTree = "<group>"; };
		F30F00EC2BDBDF7000CAA802 /* GameView.swift */ = {isa = PBXFileReference; lastKnownFileType = sourcecode.swift; path = GameView.swift; sourceTree = "<group>"; };
		F30F00EE2BDC966900CAA802 /* GameModel.swift */ = {isa = PBXFileReference; lastKnownFileType = sourcecode.swift; path = GameModel.swift; sourceTree = "<group>"; };
		F30F00F02BDCC6D900CAA802 /* GUIClient.swift */ = {isa = PBXFileReference; fileEncoding = 4; lastKnownFileType = sourcecode.swift; path = GUIClient.swift; sourceTree = "<group>"; };
		F30F00F22BDCCBD300CAA802 /* GUIServer.swift */ = {isa = PBXFileReference; lastKnownFileType = sourcecode.swift; path = GUIServer.swift; sourceTree = "<group>"; };
		F310C79D2C8B535700590F32 /* ExarotonCopyableText.swift */ = {isa = PBXFileReference; lastKnownFileType = sourcecode.swift; path = ExarotonCopyableText.swift; sourceTree = "<group>"; };
		F310C79F2C8B6B5D00590F32 /* documentation.docc */ = {isa = PBXFileReference; lastKnownFileType = folder.documentationcatalog; path = documentation.docc; sourceTree = "<group>"; };
		F339F62129038E60003CB50C /* Info.plist */ = {isa = PBXFileReference; lastKnownFileType = text.plist.xml; path = Info.plist; sourceTree = "<group>"; };
		F3B18FAB2BE242A2002C7851 /* Constants.swift */ = {isa = PBXFileReference; lastKnownFileType = sourcecode.swift; path = Constants.swift; sourceTree = "<group>"; };
		C0D000020000000000000001 /* LauncherServices.swift */ = {isa = PBXFileReference; lastKnownFileType = sourcecode.swift; path = LauncherServices.swift; sourceTree = "<group>"; };
		C0D000020000000000000002 /* LauncherServicesTests.swift */ = {isa = PBXFileReference; lastKnownFileType = sourcecode.swift; path = LauncherServicesTests.swift; sourceTree = "<group>"; };
		C0D000020000000000000003 /* ProtocolPacketTests.swift */ = {isa = PBXFileReference; lastKnownFileType = sourcecode.swift; path = ProtocolPacketTests.swift; sourceTree = "<group>"; };
		F3B4D0BB2A1A776A0095B108 /* Int32+littleEndianBytes.swift */ = {isa = PBXFileReference; fileEncoding = 4; lastKnownFileType = sourcecode.swift; path = "Int32+littleEndianBytes.swift"; sourceTree = "<group>"; };
		F3B4D0BC2A1A776A0095B108 /* MCRCON.swift */ = {isa = PBXFileReference; fileEncoding = 4; lastKnownFileType = sourcecode.swift; path = MCRCON.swift; sourceTree = "<group>"; };
		F3B4D0BD2A1A776A0095B108 /* RCONPacket.swift */ = {isa = PBXFileReference; fileEncoding = 4; lastKnownFileType = sourcecode.swift; path = RCONPacket.swift; sourceTree = "<group>"; };
		F3B4D0BE2A1A776A0095B108 /* MCRCONError.swift */ = {isa = PBXFileReference; fileEncoding = 4; lastKnownFileType = sourcecode.swift; path = MCRCONError.swift; sourceTree = "<group>"; };
		F3B4D0C02A1A776A0095B108 /* MCSLPPacket.swift */ = {isa = PBXFileReference; fileEncoding = 4; lastKnownFileType = sourcecode.swift; path = MCSLPPacket.swift; sourceTree = "<group>"; };
		F3B4D0C12A1A776A0095B108 /* MCSLPStatus.swift */ = {isa = PBXFileReference; fileEncoding = 4; lastKnownFileType = sourcecode.swift; path = MCSLPStatus.swift; sourceTree = "<group>"; };
		F3B4D0C22A1A776A0095B108 /* String+base64Image.swift */ = {isa = PBXFileReference; fileEncoding = 4; lastKnownFileType = sourcecode.swift; path = "String+base64Image.swift"; sourceTree = "<group>"; };
		F3B4D0C32A1A776A0095B108 /* MCSLP.swift */ = {isa = PBXFileReference; fileEncoding = 4; lastKnownFileType = sourcecode.swift; path = MCSLP.swift; sourceTree = "<group>"; };
		F3B4D0C42A1A776A0095B108 /* MCSLPError.swift */ = {isa = PBXFileReference; fileEncoding = 4; lastKnownFileType = sourcecode.swift; path = MCSLPError.swift; sourceTree = "<group>"; };
		F3B4D0C62A1A776A0095B108 /* Array+UInt8.swift */ = {isa = PBXFileReference; fileEncoding = 4; lastKnownFileType = sourcecode.swift; path = "Array+UInt8.swift"; sourceTree = "<group>"; };
		F3B4D0C72A1A776A0095B108 /* MCServerStatus.swift */ = {isa = PBXFileReference; fileEncoding = 4; lastKnownFileType = sourcecode.swift; path = MCServerStatus.swift; sourceTree = "<group>"; };
		F3B4D0C82A1A776A0095B108 /* MCQueryError.swift */ = {isa = PBXFileReference; fileEncoding = 4; lastKnownFileType = sourcecode.swift; path = MCQueryError.swift; sourceTree = "<group>"; };
		F3B4D0C92A1A776A0095B108 /* MCQuery.swift */ = {isa = PBXFileReference; fileEncoding = 4; lastKnownFileType = sourcecode.swift; path = MCQuery.swift; sourceTree = "<group>"; };
		F3B4D0CA2A1A776A0095B108 /* Int32+BigEndianBytes.swift */ = {isa = PBXFileReference; fileEncoding = 4; lastKnownFileType = sourcecode.swift; path = "Int32+BigEndianBytes.swift"; sourceTree = "<group>"; };
		F3B4D0CB2A1A776A0095B108 /* MCQuery+Packet.swift */ = {isa = PBXFileReference; fileEncoding = 4; lastKnownFileType = sourcecode.swift; path = "MCQuery+Packet.swift"; sourceTree = "<group>"; };
		F3B4D0CC2A1A776A0095B108 /* String+MOTD.swift */ = {isa = PBXFileReference; fileEncoding = 4; lastKnownFileType = sourcecode.swift; path = "String+MOTD.swift"; sourceTree = "<group>"; };
		F3B4D0DD2A1A777A0095B108 /* MCServerInfo.swift */ = {isa = PBXFileReference; fileEncoding = 4; lastKnownFileType = sourcecode.swift; path = MCServerInfo.swift; sourceTree = "<group>"; };
		F3B4D0DE2A1A777A0095B108 /* MCServerStatusInfo.swift */ = {isa = PBXFileReference; fileEncoding = 4; lastKnownFileType = sourcecode.swift; path = MCServerStatusInfo.swift; sourceTree = "<group>"; };
		F3B4D0E62A1A7BEB0095B108 /* MCServerInfo+Equatable.swift */ = {isa = PBXFileReference; lastKnownFileType = sourcecode.swift; path = "MCServerInfo+Equatable.swift"; sourceTree = "<group>"; };
		F3FE52102BF7B494006E79AA /* ExarotonServerStatusView.swift */ = {isa = PBXFileReference; lastKnownFileType = sourcecode.swift; path = ExarotonServerStatusView.swift; sourceTree = "<group>"; };
		F3FE52122BF7B4FC006E79AA /* ExarotonServerView.swift */ = {isa = PBXFileReference; lastKnownFileType = sourcecode.swift; path = ExarotonServerView.swift; sourceTree = "<group>"; };
		F3FFCD152C45856100414587 /* Config.xcconfig */ = {isa = PBXFileReference; lastKnownFileType = text.xcconfig; path = Config.xcconfig; sourceTree = "<group>"; };
/* End PBXFileReference section */

/* Begin PBXFrameworksBuildPhase section */
		2B1C798F28FEAB0600D53658 /* Frameworks */ = {
			isa = PBXFrameworksBuildPhase;
			buildActionMask = 2147483647;
			files = (
				2B8442F62E17B28D00CB0EA0 /* Game in Frameworks */,
				E20C658C2C8AFD8F00831909 /* ExarotonHTTP in Frameworks */,
				E20C65922C8AFDB400831909 /* SwiftUIX in Frameworks */,
				F310C79C2C8B47DF00590F32 /* Socket in Frameworks */,
				E20C65942C8AFE4F00831909 /* ExarotonWebSocket in Frameworks */,
				E20C658A2C8AFD8400831909 /* OrzAppUpdater in Frameworks */,
			);
			runOnlyForDeploymentPostprocessing = 0;
		};
		C0D000040000000000000001 /* Frameworks */ = {
			isa = PBXFrameworksBuildPhase;
			buildActionMask = 2147483647;
			files = (
			);
			runOnlyForDeploymentPostprocessing = 0;
		};
/* End PBXFrameworksBuildPhase section */

/* Begin PBXGroup section */
		2B0091FB29D0263A002637E3 /* Common */ = {
			isa = PBXGroup;
			children = (
				2B62C97E2BF73E0D00387498 /* ExarotonUI */,
				F339F62129038E60003CB50C /* Info.plist */,
				2B1C799E28FEAB0700D53658 /* Assets.xcassets */,
				2B1C79A028FEAB0700D53658 /* OrzMC.entitlements */,
				F310C79F2C8B6B5D00590F32 /* documentation.docc */,
				2B3B2E5B2E0C4DF7001F91AB /* Localizable.xcstrings */,
			);
			path = Common;
			sourceTree = "<group>";
		};
		2B1C798928FEAB0600D53658 = {
			isa = PBXGroup;
			children = (
				2B8442F82E17D38800CB0EA0 /* README.md */,
				2B1C799428FEAB0600D53658 /* OrzMC */,
				C0D000030000000000000001 /* OrzMCTests */,
				2B1C799328FEAB0600D53658 /* Products */,
			);
			sourceTree = "<group>";
		};
		2B1C799328FEAB0600D53658 /* Products */ = {
			isa = PBXGroup;
			children = (
				2B1C799228FEAB0600D53658 /* OrzMC.app */,
				C0D000020000000000000004 /* OrzMCTests.xctest */,
			);
			name = Products;
			sourceTree = "<group>";
		};
		2B1C799428FEAB0600D53658 /* OrzMC */ = {
			isa = PBXGroup;
			children = (
				F3FFCD142C45853700414587 /* Configuration */,
				2B1C799528FEAB0600D53658 /* OrzMCApp.swift */,
				2B0091FB29D0263A002637E3 /* Common */,
				2BD301F029000B3E00993823 /* Launcher(MacOS) */,
				2B79DCF429066B91000C21A1 /* MobileHelper(iOS) */,
				2B1C79A128FEAB0700D53658 /* Preview Content */,
			);
			path = OrzMC;
			sourceTree = "<group>";
		};
		2B1C79A128FEAB0700D53658 /* Preview Content */ = {
			isa = PBXGroup;
			children = (
				2B1C79A228FEAB0700D53658 /* Preview Assets.xcassets */,
			);
			path = "Preview Content";
			sourceTree = "<group>";
		};
		2B5ACA642BFB2AB200397BFC /* Model */ = {
			isa = PBXGroup;
			children = (
				2B62C9912BF76C6600387498 /* ExarotonServerModel.swift */,
				2B5ACA5E2BFB2A1200397BFC /* ExarotonServerModel+HTTP.swift */,
				2B5ACA602BFB2A1900397BFC /* ExarotonServerModel+WebSocket.swift */,
			);
			path = Model;
			sourceTree = "<group>";
		};
		2B5ACA652BFB2ADB00397BFC /* List */ = {
			isa = PBXGroup;
			children = (
				2B62C9842BF73F0200387498 /* ExarotonServerList.swift */,
				2B62C97C2BF7216000387498 /* ExarotonServerDetail.swift */,
				2B5ACA582BFB267B00397BFC /* ExarotonCreditPoolDetail.swift */,
				2B5BC3D32BFC4AA300348C00 /* Components */,
			);
			path = List;
			sourceTree = "<group>";
		};
		2B5ACA662BFB2B2500397BFC /* Extension */ = {
			isa = PBXGroup;
			children = (
				2B5ACA5A2BFB28B100397BFC /* ExarotonAPI+.swift */,
				2B5ACA5C2BFB28E700397BFC /* String+.swift */,
			);
			path = Extension;
			sourceTree = "<group>";
		};
		2B5BC3D32BFC4AA300348C00 /* Components */ = {
			isa = PBXGroup;
			children = (
				F3FE52122BF7B4FC006E79AA /* ExarotonServerView.swift */,
				2B5ACA552BFB136200397BFC /* ExarotonCreditPoolView.swift */,
				F3FE52102BF7B494006E79AA /* ExarotonServerStatusView.swift */,
				2B5ACA672BFB312300397BFC /* ExarotonCreditView.swift */,
				2B5ACA692BFB5C8A00397BFC /* ExarotonTradeMarkView.swift */,
				2B5BC3D42BFC4B4100348C00 /* ExarotonAccountTokenInputView.swift */,
				2B5BC3D62BFC527E00348C00 /* ExarotonServerPlayList.swift */,
				F310C79D2C8B535700590F32 /* ExarotonCopyableText.swift */,
			);
			path = Components;
			sourceTree = "<group>";
		};
		2B62C9762BF71F7000387498 /* Modifiers */ = {
			isa = PBXGroup;
			children = (
				2B62C9742BF71D5B00387498 /* FeedbackToAuthor.swift */,
			);
			path = Modifiers;
			sourceTree = "<group>";
		};
		2B62C9772BF71FC900387498 /* SideBar */ = {
			isa = PBXGroup;
			children = (
				F30F00EC2BDBDF7000CAA802 /* GameView.swift */,
				2BA06D712DA2DD760043C0CE /* SideBarTool.swift */,
				2BA06D732DA2E6500043C0CE /* GameList.swift */,
			);
			path = SideBar;
			sourceTree = "<group>";
		};
		2B62C9782BF71FDF00387498 /* Detail */ = {
			isa = PBXGroup;
			children = (
				2B54E08B2BDE0ACA001B6877 /* BasicInfo.swift */,
				2B54E0892BDE0945001B6877 /* GameInfoView.swift */,
				2B8AB1CD2DA0CDF700DA6605 /* LinkMenu.swift */,
				2B8AB1CF2DA0D22200DA6605 /* DetailViewTool.swift */,
			);
			path = Detail;
			sourceTree = "<group>";
		};
		2B62C97A2BF7202200387498 /* Model */ = {
			isa = PBXGroup;
			children = (
				2BA7F9952CA58DFD00ED2684 /* SettingsModel.swift */,
				F30F00EE2BDC966900CAA802 /* GameModel.swift */,
				C0D000020000000000000001 /* LauncherServices.swift */,
				2B54E0862BDDFB16001B6877 /* Version+.swift */,
				F3B18FAB2BE242A2002C7851 /* Constants.swift */,
			);
			path = Model;
			sourceTree = "<group>";
		};
		2B62C97B2BF7203F00387498 /* UI */ = {
			isa = PBXGroup;
			children = (
				2B54E08D2BDE21A4001B6877 /* MacOSScene.swift */,
				2BD301EE29000B2C00993823 /* LauncherUI.swift */,
				2B62C9782BF71FDF00387498 /* Detail */,
				2B62C9762BF71F7000387498 /* Modifiers */,
				2BA7F9922CA5847500ED2684 /* Settings */,
				2B62C9772BF71FC900387498 /* SideBar */,
			);
			path = UI;
			sourceTree = "<group>";
		};
		2B62C97E2BF73E0D00387498 /* ExarotonUI */ = {
			isa = PBXGroup;
			children = (
				2B5ACA622BFB2A8300397BFC /* Config.swift */,
				2B5E409D2BFD9683007216E7 /* ExarotonContent.swift */,
				2B5ACA652BFB2ADB00397BFC /* List */,
				2B5ACA642BFB2AB200397BFC /* Model */,
				2B5ACA662BFB2B2500397BFC /* Extension */,
			);
			path = ExarotonUI;
			sourceTree = "<group>";
		};
		2B79DCF429066B91000C21A1 /* MobileHelper(iOS) */ = {
			isa = PBXGroup;
			children = (
				F3B4D0E12A1A778B0095B108 /* App */,
				F3B4D0B92A1A776A0095B108 /* Protocol */,
			);
			path = "MobileHelper(iOS)";
			sourceTree = "<group>";
		};
		2BA7F9922CA5847500ED2684 /* Settings */ = {
			isa = PBXGroup;
			children = (
				2BA7F9932CA5848200ED2684 /* SettingsView.swift */,
			);
			path = Settings;
			sourceTree = "<group>";
		};
		2BD301F029000B3E00993823 /* Launcher(MacOS) */ = {
			isa = PBXGroup;
			children = (
				2B62C97B2BF7203F00387498 /* UI */,
				2B62C97A2BF7202200387498 /* Model */,
				F339F6302903FF53003CB50C /* Controller */,
			);
			path = "Launcher(MacOS)";
			sourceTree = "<group>";
		};
		F339F6302903FF53003CB50C /* Controller */ = {
			isa = PBXGroup;
			children = (
				F30F00F02BDCC6D900CAA802 /* GUIClient.swift */,
				F30F00F22BDCCBD300CAA802 /* GUIServer.swift */,
			);
			path = Controller;
			sourceTree = "<group>";
		};
		F3B4D0B72A1A76E70095B108 /* Models */ = {
			isa = PBXGroup;
			children = (
				F3B4D0DD2A1A777A0095B108 /* MCServerInfo.swift */,
				F3B4D0E62A1A7BEB0095B108 /* MCServerInfo+Equatable.swift */,
				F3B4D0DE2A1A777A0095B108 /* MCServerStatusInfo.swift */,
			);
			path = Models;
			sourceTree = "<group>";
		};
		F3B4D0B82A1A76EF0095B108 /* Views */ = {
			isa = PBXGroup;
			children = (
				2B79DCF529066BBC000C21A1 /* ContentView.swift */,
			);
			path = Views;
			sourceTree = "<group>";
		};
		F3B4D0B92A1A776A0095B108 /* Protocol */ = {
			isa = PBXGroup;
			children = (
				F3B4D0B72A1A76E70095B108 /* Models */,
				F3B4D0E22A1A77CB0095B108 /* Utils */,
				F3B4D0BA2A1A776A0095B108 /* RCON */,
				F3B4D0BF2A1A776A0095B108 /* ServerListPing */,
				F3B4D0C52A1A776A0095B108 /* Query */,
			);
			path = Protocol;
			sourceTree = "<group>";
		};
		F3B4D0BA2A1A776A0095B108 /* RCON */ = {
			isa = PBXGroup;
			children = (
				F3B4D0BC2A1A776A0095B108 /* MCRCON.swift */,
				F3B4D0BD2A1A776A0095B108 /* RCONPacket.swift */,
				F3B4D0BE2A1A776A0095B108 /* MCRCONError.swift */,
			);
			path = RCON;
			sourceTree = "<group>";
		};
		F3B4D0BF2A1A776A0095B108 /* ServerListPing */ = {
			isa = PBXGroup;
			children = (
				F3B4D0C02A1A776A0095B108 /* MCSLPPacket.swift */,
				F3B4D0C12A1A776A0095B108 /* MCSLPStatus.swift */,
				F3B4D0C32A1A776A0095B108 /* MCSLP.swift */,
				F3B4D0C42A1A776A0095B108 /* MCSLPError.swift */,
			);
			path = ServerListPing;
			sourceTree = "<group>";
		};
		F3B4D0C52A1A776A0095B108 /* Query */ = {
			isa = PBXGroup;
			children = (
				F3B4D0C72A1A776A0095B108 /* MCServerStatus.swift */,
				F3B4D0C82A1A776A0095B108 /* MCQueryError.swift */,
				F3B4D0C92A1A776A0095B108 /* MCQuery.swift */,
				F3B4D0CB2A1A776A0095B108 /* MCQuery+Packet.swift */,
			);
			path = Query;
			sourceTree = "<group>";
		};
		F3B4D0E12A1A778B0095B108 /* App */ = {
			isa = PBXGroup;
			children = (
				2BD03D782907F93200BE1D1F /* Model.swift */,
				F3B4D0B82A1A76EF0095B108 /* Views */,
			);
			path = App;
			sourceTree = "<group>";
		};
		F3B4D0E22A1A77CB0095B108 /* Utils */ = {
			isa = PBXGroup;
			children = (
				F3B4D0CA2A1A776A0095B108 /* Int32+BigEndianBytes.swift */,
				F3B4D0CC2A1A776A0095B108 /* String+MOTD.swift */,
				F3B4D0BB2A1A776A0095B108 /* Int32+littleEndianBytes.swift */,
				F3B4D0C22A1A776A0095B108 /* String+base64Image.swift */,
				F3B4D0C62A1A776A0095B108 /* Array+UInt8.swift */,
			);
			path = Utils;
			sourceTree = "<group>";
		};
		F3FFCD142C45853700414587 /* Configuration */ = {
			isa = PBXGroup;
			children = (
				F3FFCD152C45856100414587 /* Config.xcconfig */,
			);
			path = Configuration;
			sourceTree = "<group>";
		};
		C0D000030000000000000001 /* OrzMCTests */ = {
			isa = PBXGroup;
			children = (
				C0D000020000000000000002 /* LauncherServicesTests.swift */,
				C0D000020000000000000003 /* ProtocolPacketTests.swift */,
			);
			path = OrzMCTests;
			sourceTree = "<group>";
		};
/* End PBXGroup section */

/* Begin PBXNativeTarget section */
		2B1C799128FEAB0600D53658 /* OrzMC */ = {
			isa = PBXNativeTarget;
			buildConfigurationList = 2B1C79BC28FEAB0700D53658 /* Build configuration list for PBXNativeTarget "OrzMC" */;
			buildPhases = (
				2B1C798E28FEAB0600D53658 /* Sources */,
				2B1C798F28FEAB0600D53658 /* Frameworks */,
				2B1C799028FEAB0600D53658 /* Resources */,
			);
			buildRules = (
			);
			dependencies = (
			);
			name = OrzMC;
			packageProductDependencies = (
				E20C65892C8AFD8400831909 /* OrzAppUpdater */,
				E20C658B2C8AFD8F00831909 /* ExarotonHTTP */,
				E20C65912C8AFDB400831909 /* SwiftUIX */,
				E20C65932C8AFE4F00831909 /* ExarotonWebSocket */,
				F310C79B2C8B47DF00590F32 /* Socket */,
				2B8442F52E17B28D00CB0EA0 /* Game */,
			);
			productName = OrzMC;
			productReference = 2B1C799228FEAB0600D53658 /* OrzMC.app */;
			productType = "com.apple.product-type.application";
		};
		C0D000050000000000000001 /* OrzMCTests */ = {
			isa = PBXNativeTarget;
			buildConfigurationList = C0D000080000000000000001 /* Build configuration list for PBXNativeTarget "OrzMCTests" */;
			buildPhases = (
				C0D000060000000000000001 /* Sources */,
				C0D000040000000000000001 /* Frameworks */,
				C0D000070000000000000001 /* Resources */,
			);
			buildRules = (
			);
			dependencies = (
				C0D0000A0000000000000001 /* PBXTargetDependency */,
			);
			name = OrzMCTests;
			packageProductDependencies = (
			);
			productName = OrzMCTests;
			productReference = C0D000020000000000000004 /* OrzMCTests.xctest */;
			productType = "com.apple.product-type.bundle.unit-test";
		};
/* End PBXNativeTarget section */

/* Begin PBXProject section */
		2B1C798A28FEAB0600D53658 /* Project object */ = {
			isa = PBXProject;
			attributes = {
				BuildIndependentTargetsInParallel = 1;
				LastSwiftUpdateCheck = 1410;
				LastUpgradeCheck = 2640;
				TargetAttributes = {
					2B1C799128FEAB0600D53658 = {
						CreatedOnToolsVersion = 14.1;
					};
					C0D000050000000000000001 = {
						CreatedOnToolsVersion = 17.4;
						TestTargetID = 2B1C799128FEAB0600D53658;
					};
				};
			};
			buildConfigurationList = 2B1C798D28FEAB0600D53658 /* Build configuration list for PBXProject "OrzMC" */;
			compatibilityVersion = "Xcode 14.0";
			developmentRegion = en;
			hasScannedForEncodings = 0;
			knownRegions = (
				en,
				Base,
				"zh-Hans",
			);
			mainGroup = 2B1C798928FEAB0600D53658;
			packageReferences = (
				F3B4D0E32A1A79390095B108 /* XCRemoteSwiftPackageReference "BlueSocket" */,
				2B62C97F2BF73EBD00387498 /* XCRemoteSwiftPackageReference "ExarotonAPI" */,
				F353DDDE2BFE600F0097986E /* XCRemoteSwiftPackageReference "OrzAppUpdater" */,
				F3FF37782C46EF1800BBDACE /* XCRemoteSwiftPackageReference "OrzSwiftKit" */,
				2B8442F42E17B28D00CB0EA0 /* XCRemoteSwiftPackageReference "OrzMCKit" */,
			);
			productRefGroup = 2B1C799328FEAB0600D53658 /* Products */;
			projectDirPath = "";
			projectRoot = "";
			targets = (
				2B1C799128FEAB0600D53658 /* OrzMC */,
				C0D000050000000000000001 /* OrzMCTests */,
			);
		};
/* End PBXProject section */

/* Begin PBXResourcesBuildPhase section */
		2B1C799028FEAB0600D53658 /* Resources */ = {
			isa = PBXResourcesBuildPhase;
			buildActionMask = 2147483647;
			files = (
				2B1C79A328FEAB0700D53658 /* Preview Assets.xcassets in Resources */,
				2B1C799F28FEAB0700D53658 /* Assets.xcassets in Resources */,
				2B3B2E5C2E0C4DF7001F91AB /* Localizable.xcstrings in Resources */,
			);
			runOnlyForDeploymentPostprocessing = 0;
		};
		C0D000070000000000000001 /* Resources */ = {
			isa = PBXResourcesBuildPhase;
			buildActionMask = 2147483647;
			files = (
			);
			runOnlyForDeploymentPostprocessing = 0;
		};
/* End PBXResourcesBuildPhase section */

/* Begin PBXSourcesBuildPhase section */
		2B1C798E28FEAB0600D53658 /* Sources */ = {
			isa = PBXSourcesBuildPhase;
			buildActionMask = 2147483647;
			files = (
				2B5BC3D72BFC527E00348C00 /* ExarotonServerPlayList.swift in Sources */,
				2B5ACA5B2BFB28B100397BFC /* ExarotonAPI+.swift in Sources */,
				F3B4D0D02A1A776A0095B108 /* MCRCONError.swift in Sources */,
				F3B4D0D72A1A776A0095B108 /* MCServerStatus.swift in Sources */,
				F3B4D0D32A1A776A0095B108 /* String+base64Image.swift in Sources */,
				2B5ACA6A2BFB5C8A00397BFC /* ExarotonTradeMarkView.swift in Sources */,
				F3B4D0D12A1A776A0095B108 /* MCSLPPacket.swift in Sources */,
				F310C7A02C8B6B5D00590F32 /* documentation.docc in Sources */,
				2B5ACA5D2BFB28E700397BFC /* String+.swift in Sources */,
				2B62C9852BF73F0200387498 /* ExarotonServerList.swift in Sources */,
				F3B4D0DC2A1A776A0095B108 /* String+MOTD.swift in Sources */,
				2B62C97D2BF7216000387498 /* ExarotonServerDetail.swift in Sources */,
				2B1C799628FEAB0600D53658 /* OrzMCApp.swift in Sources */,
				2B5ACA592BFB267B00397BFC /* ExarotonCreditPoolDetail.swift in Sources */,
				2B5ACA562BFB136200397BFC /* ExarotonCreditPoolView.swift in Sources */,
				F30F00F32BDCCBD300CAA802 /* GUIServer.swift in Sources */,
				F3FE52132BF7B4FC006E79AA /* ExarotonServerView.swift in Sources */,
				F3B4D0E72A1A7BEB0095B108 /* MCServerInfo+Equatable.swift in Sources */,
				2B8AB1D02DA0D22200DA6605 /* DetailViewTool.swift in Sources */,
				2BA7F9962CA58DFD00ED2684 /* SettingsModel.swift in Sources */,
				2B54E08C2BDE0ACA001B6877 /* BasicInfo.swift in Sources */,
				2B54E08E2BDE21A4001B6877 /* MacOSScene.swift in Sources */,
				2B62C9752BF71D5B00387498 /* FeedbackToAuthor.swift in Sources */,
				2B54E08A2BDE0945001B6877 /* GameInfoView.swift in Sources */,
				2B5ACA682BFB312300397BFC /* ExarotonCreditView.swift in Sources */,
				F3B4D0CD2A1A776A0095B108 /* Int32+littleEndianBytes.swift in Sources */,
				2B5E409E2BFD9683007216E7 /* ExarotonContent.swift in Sources */,
				F3B4D0D62A1A776A0095B108 /* Array+UInt8.swift in Sources */,
				2B5ACA612BFB2A1900397BFC /* ExarotonServerModel+WebSocket.swift in Sources */,
				2B5ACA5F2BFB2A1200397BFC /* ExarotonServerModel+HTTP.swift in Sources */,
				F3B4D0D92A1A776A0095B108 /* MCQuery.swift in Sources */,
				2B54E0872BDDFB16001B6877 /* Version+.swift in Sources */,
				2BD03D792907F93200BE1D1F /* Model.swift in Sources */,
				2B5BC3D52BFC4B4100348C00 /* ExarotonAccountTokenInputView.swift in Sources */,
				F3B18FAC2BE242A2002C7851 /* Constants.swift in Sources */,
				F3B4D0E02A1A777A0095B108 /* MCServerStatusInfo.swift in Sources */,
				F3B4D0D52A1A776A0095B108 /* MCSLPError.swift in Sources */,
				F3B4D0D22A1A776A0095B108 /* MCSLPStatus.swift in Sources */,
				F3B4D0DA2A1A776A0095B108 /* Int32+BigEndianBytes.swift in Sources */,
				F3B4D0DF2A1A777A0095B108 /* MCServerInfo.swift in Sources */,
				2B79DCF629066BBC000C21A1 /* ContentView.swift in Sources */,
				F30F00F12BDCC6D900CAA802 /* GUIClient.swift in Sources */,
				F30F00EF2BDC966900CAA802 /* GameModel.swift in Sources */,
				C0D000010000000000000001 /* LauncherServices.swift in Sources */,
				F3B4D0DB2A1A776A0095B108 /* MCQuery+Packet.swift in Sources */,
				F3B4D0CE2A1A776A0095B108 /* MCRCON.swift in Sources */,
				F30F00ED2BDBDF7000CAA802 /* GameView.swift in Sources */,
				F3B4D0D82A1A776A0095B108 /* MCQueryError.swift in Sources */,
				2B8AB1CE2DA0CDF700DA6605 /* LinkMenu.swift in Sources */,
				2B5ACA632BFB2A8300397BFC /* Config.swift in Sources */,
				2B62C9922BF76C6600387498 /* ExarotonServerModel.swift in Sources */,
				2BD301EF29000B2C00993823 /* LauncherUI.swift in Sources */,
				2BA7F9942CA5848200ED2684 /* SettingsView.swift in Sources */,
				F3B4D0D42A1A776A0095B108 /* MCSLP.swift in Sources */,
				2BA06D742DA2E6500043C0CE /* GameList.swift in Sources */,
				F3B4D0CF2A1A776A0095B108 /* RCONPacket.swift in Sources */,
				F310C79E2C8B535700590F32 /* ExarotonCopyableText.swift in Sources */,
				2BA06D722DA2DD760043C0CE /* SideBarTool.swift in Sources */,
				F3FE52112BF7B494006E79AA /* ExarotonServerStatusView.swift in Sources */,
			);
			runOnlyForDeploymentPostprocessing = 0;
		};
		C0D000060000000000000001 /* Sources */ = {
			isa = PBXSourcesBuildPhase;
			buildActionMask = 2147483647;
			files = (
				C0D000010000000000000002 /* LauncherServicesTests.swift in Sources */,
				C0D000010000000000000003 /* ProtocolPacketTests.swift in Sources */,
				C0D000010000000000000004 /* MCSLPPacket.swift in Sources */,
				C0D000010000000000000005 /* MCSLPError.swift in Sources */,
				C0D000010000000000000006 /* RCONPacket.swift in Sources */,
				C0D000010000000000000007 /* Int32+littleEndianBytes.swift in Sources */,
			);
			runOnlyForDeploymentPostprocessing = 0;
		};
/* End PBXSourcesBuildPhase section */

/* Begin PBXTargetDependency section */
		C0D0000A0000000000000001 /* PBXTargetDependency */ = {
			isa = PBXTargetDependency;
			target = 2B1C799128FEAB0600D53658 /* OrzMC */;
			targetProxy = C0D000090000000000000001 /* PBXContainerItemProxy */;
		};
/* End PBXTargetDependency section */

/* Begin XCBuildConfiguration section */
		2B1C79BA28FEAB0700D53658 /* Debug */ = {
			isa = XCBuildConfiguration;
			baseConfigurationReference = F3FFCD152C45856100414587 /* Config.xcconfig */;
			buildSettings = {
				ALWAYS_SEARCH_USER_PATHS = NO;
				ASSETCATALOG_COMPILER_GENERATE_SWIFT_ASSET_SYMBOL_EXTENSIONS = YES;
				CLANG_ANALYZER_LOCALIZABILITY_NONLOCALIZED = YES;
				CLANG_CXX_LANGUAGE_STANDARD = "gnu++20";
				CLANG_ENABLE_MODULES = YES;
				CLANG_ENABLE_OBJC_ARC = YES;
				CLANG_ENABLE_OBJC_WEAK = YES;
				CLANG_WARN_BLOCK_CAPTURE_AUTORELEASING = YES;
				CLANG_WARN_BOOL_CONVERSION = YES;
				CLANG_WARN_COMMA = YES;
				CLANG_WARN_CONSTANT_CONVERSION = YES;
				CLANG_WARN_DEPRECATED_OBJC_IMPLEMENTATIONS = YES;
				CLANG_WARN_DOCUMENTATION_COMMENTS = YES;
				CLANG_WARN_EMPTY_BODY = YES;
				CLANG_WARN_ENUM_CONVERSION = YES;
				CLANG_WARN_INFINITE_RECURSION = YES;
				CLANG_WARN_INT_CONVERSION = YES;
				CLANG_WARN_NON_LITERAL_NULL_CONVERSION = YES;
				CLANG_WARN_OBJC_IMPLICIT_RETAIN_SELF = YES;
				CLANG_WARN_OBJC_LITERAL_CONVERSION = YES;
				CLANG_WARN_QUOTED_INCLUDE_IN_FRAMEWORK_HEADER = YES;
				CLANG_WARN_RANGE_LOOP_ANALYSIS = YES;
				CLANG_WARN_STRICT_PROTOTYPES = YES;
				CLANG_WARN_SUSPICIOUS_MOVE = YES;
				CLANG_WARN_UNGUARDED_AVAILABILITY = YES_AGGRESSIVE;
				CLANG_WARN_UNREACHABLE_CODE = YES;
				CLANG_WARN__DUPLICATE_METHOD_MATCH = YES;
				COPY_PHASE_STRIP = NO;
				DEAD_CODE_STRIPPING = YES;
				DEBUG_INFORMATION_FORMAT = dwarf;
				DEVELOPMENT_TEAM = 2N62934Y28;
				ENABLE_PREVIEWS = YES;
				ENABLE_STRICT_OBJC_MSGSEND = YES;
				ENABLE_TESTABILITY = YES;
				ENABLE_USER_SCRIPT_SANDBOXING = YES;
				GCC_C_LANGUAGE_STANDARD = gnu11;
				GCC_DYNAMIC_NO_PIC = NO;
				GCC_NO_COMMON_BLOCKS = YES;
				GCC_OPTIMIZATION_LEVEL = 0;
				GCC_PREPROCESSOR_DEFINITIONS = (
					"DEBUG=1",
					"$(inherited)",
				);
				GCC_WARN_64_TO_32_BIT_CONVERSION = YES;
				GCC_WARN_ABOUT_RETURN_TYPE = YES_ERROR;
				GCC_WARN_UNDECLARED_SELECTOR = YES;
				GCC_WARN_UNINITIALIZED_AUTOS = YES_AGGRESSIVE;
				GCC_WARN_UNUSED_FUNCTION = YES;
				GCC_WARN_UNUSED_VARIABLE = YES;
				IPHONEOS_DEPLOYMENT_TARGET = 17.0;
				MACOSX_DEPLOYMENT_TARGET = 14.0;
				ONLY_ACTIVE_ARCH = YES;
				STRING_CATALOG_GENERATE_SYMBOLS = YES;
				SUPPORTED_PLATFORMS = "macosx iphoneos iphonesimulator";
				SWIFT_ACTIVE_COMPILATION_CONDITIONS = DEBUG;
				SWIFT_EMIT_LOC_STRINGS = YES;
				SWIFT_OPTIMIZATION_LEVEL = "-Onone";
			};
			name = Debug;
		};
		2B1C79BB28FEAB0700D53658 /* Release */ = {
			isa = XCBuildConfiguration;
			baseConfigurationReference = F3FFCD152C45856100414587 /* Config.xcconfig */;
			buildSettings = {
				ALWAYS_SEARCH_USER_PATHS = NO;
				ASSETCATALOG_COMPILER_GENERATE_SWIFT_ASSET_SYMBOL_EXTENSIONS = YES;
				CLANG_ANALYZER_LOCALIZABILITY_NONLOCALIZED = YES;
				CLANG_CXX_LANGUAGE_STANDARD = "gnu++20";
				CLANG_ENABLE_MODULES = YES;
				CLANG_ENABLE_OBJC_ARC = YES;
				CLANG_ENABLE_OBJC_WEAK = YES;
				CLANG_WARN_BLOCK_CAPTURE_AUTORELEASING = YES;
				CLANG_WARN_BOOL_CONVERSION = YES;
				CLANG_WARN_COMMA = YES;
				CLANG_WARN_CONSTANT_CONVERSION = YES;
				CLANG_WARN_DEPRECATED_OBJC_IMPLEMENTATIONS = YES;
				CLANG_WARN_DOCUMENTATION_COMMENTS = YES;
				CLANG_WARN_EMPTY_BODY = YES;
				CLANG_WARN_ENUM_CONVERSION = YES;
				CLANG_WARN_INFINITE_RECURSION = YES;
				CLANG_WARN_INT_CONVERSION = YES;
				CLANG_WARN_NON_LITERAL_NULL_CONVERSION = YES;
				CLANG_WARN_OBJC_IMPLICIT_RETAIN_SELF = YES;
				CLANG_WARN_OBJC_LITERAL_CONVERSION = YES;
				CLANG_WARN_QUOTED_INCLUDE_IN_FRAMEWORK_HEADER = YES;
				CLANG_WARN_RANGE_LOOP_ANALYSIS = YES;
				CLANG_WARN_STRICT_PROTOTYPES = YES;
				CLANG_WARN_SUSPICIOUS_MOVE = YES;
				CLANG_WARN_UNGUARDED_AVAILABILITY = YES_AGGRESSIVE;
				CLANG_WARN_UNREACHABLE_CODE = YES;
				CLANG_WARN__DUPLICATE_METHOD_MATCH = YES;
				COPY_PHASE_STRIP = NO;
				DEAD_CODE_STRIPPING = YES;
				DEBUG_INFORMATION_FORMAT = "dwarf-with-dsym";
				DEVELOPMENT_TEAM = 2N62934Y28;
				ENABLE_NS_ASSERTIONS = NO;
				ENABLE_PREVIEWS = YES;
				ENABLE_STRICT_OBJC_MSGSEND = YES;
				ENABLE_USER_SCRIPT_SANDBOXING = YES;
				GCC_C_LANGUAGE_STANDARD = gnu11;
				GCC_NO_COMMON_BLOCKS = YES;
				GCC_WARN_64_TO_32_BIT_CONVERSION = YES;
				GCC_WARN_ABOUT_RETURN_TYPE = YES_ERROR;
				GCC_WARN_UNDECLARED_SELECTOR = YES;
				GCC_WARN_UNINITIALIZED_AUTOS = YES_AGGRESSIVE;
				GCC_WARN_UNUSED_FUNCTION = YES;
				GCC_WARN_UNUSED_VARIABLE = YES;
				IPHONEOS_DEPLOYMENT_TARGET = 17.0;
				MACOSX_DEPLOYMENT_TARGET = 14.0;
				STRING_CATALOG_GENERATE_SYMBOLS = YES;
				SUPPORTED_PLATFORMS = "macosx iphoneos iphonesimulator";
				SWIFT_COMPILATION_MODE = wholemodule;
				SWIFT_EMIT_LOC_STRINGS = YES;
				SWIFT_OPTIMIZATION_LEVEL = "-O";
			};
			name = Release;
		};
		2B1C79BD28FEAB0700D53658 /* Debug */ = {
			isa = XCBuildConfiguration;
			baseConfigurationReference = F3FFCD152C45856100414587 /* Config.xcconfig */;
			buildSettings = {
				ASSETCATALOG_COMPILER_APPICON_NAME = AppIcon;
				"ASSETCATALOG_COMPILER_APPICON_NAME[sdk=iphoneos*]" = "AppIcon-iOS";
				"ASSETCATALOG_COMPILER_APPICON_NAME[sdk=iphonesimulator*]" = "AppIcon-iOS";
				CODE_SIGN_ENTITLEMENTS = OrzMC/Common/OrzMC.entitlements;
				CODE_SIGN_IDENTITY = "Apple Development";
				"CODE_SIGN_IDENTITY[sdk=macosx*]" = "Apple Development";
				CODE_SIGN_STYLE = Automatic;
				DEAD_CODE_STRIPPING = YES;
				DEVELOPMENT_ASSET_PATHS = "\"OrzMC/Preview Content\"";
				ENABLE_HARDENED_RUNTIME = YES;
				GENERATE_INFOPLIST_FILE = YES;
				INFOPLIST_FILE = OrzMC/Common/Info.plist;
				"INFOPLIST_FILE[sdk=iphoneos*]" = "OrzMC/MobileHelper(iOS)/Info.plist";
				"INFOPLIST_FILE[sdk=iphonesimulator*]" = "OrzMC/MobileHelper(iOS)/Info.plist";
				INFOPLIST_KEY_CFBundleDisplayName = OrzMC;
				INFOPLIST_KEY_LSApplicationCategoryType = "public.app-category.utilities";
				"INFOPLIST_KEY_UIApplicationSceneManifest_Generation[sdk=iphoneos*]" = YES;
				"INFOPLIST_KEY_UIApplicationSceneManifest_Generation[sdk=iphonesimulator*]" = YES;
				"INFOPLIST_KEY_UIApplicationSupportsIndirectInputEvents[sdk=iphoneos*]" = YES;
				"INFOPLIST_KEY_UIApplicationSupportsIndirectInputEvents[sdk=iphonesimulator*]" = YES;
				"INFOPLIST_KEY_UILaunchScreen_Generation[sdk=iphoneos*]" = YES;
				"INFOPLIST_KEY_UILaunchScreen_Generation[sdk=iphonesimulator*]" = YES;
				"INFOPLIST_KEY_UIStatusBarStyle[sdk=iphoneos*]" = UIStatusBarStyleDefault;
				"INFOPLIST_KEY_UIStatusBarStyle[sdk=iphonesimulator*]" = UIStatusBarStyleDefault;
				INFOPLIST_KEY_UISupportedInterfaceOrientations_iPad = "UIInterfaceOrientationPortrait UIInterfaceOrientationPortraitUpsideDown UIInterfaceOrientationLandscapeLeft UIInterfaceOrientationLandscapeRight";
				INFOPLIST_KEY_UISupportedInterfaceOrientations_iPhone = "UIInterfaceOrientationPortrait UIInterfaceOrientationLandscapeLeft UIInterfaceOrientationLandscapeRight";
				IPHONEOS_DEPLOYMENT_TARGET = 18.0;
				LD_RUNPATH_SEARCH_PATHS = "@executable_path/Frameworks";
				"LD_RUNPATH_SEARCH_PATHS[sdk=macosx*]" = "@executable_path/../Frameworks";
				PRODUCT_BUNDLE_IDENTIFIER = com.joker.OrzMC;
				"PRODUCT_BUNDLE_IDENTIFIER[sdk=iphoneos*]" = com.joker.OrzMC.iOS;
				"PRODUCT_BUNDLE_IDENTIFIER[sdk=iphonesimulator*]" = com.joker.OrzMC.iOS;
				PRODUCT_NAME = "$(TARGET_NAME)";
				PROVISIONING_PROFILE_SPECIFIER = "";
				SUPPORTED_PLATFORMS = "iphoneos iphonesimulator macosx";
				SUPPORTS_MACCATALYST = NO;
				TARGETED_DEVICE_FAMILY = 1;
			};
			name = Debug;
		};
		2B1C79BE28FEAB0700D53658 /* Release */ = {
			isa = XCBuildConfiguration;
			baseConfigurationReference = F3FFCD152C45856100414587 /* Config.xcconfig */;
			buildSettings = {
				ASSETCATALOG_COMPILER_APPICON_NAME = AppIcon;
				CODE_SIGN_ENTITLEMENTS = OrzMC/Common/OrzMC.entitlements;
				CODE_SIGN_IDENTITY = "Apple Development";
				"CODE_SIGN_IDENTITY[sdk=iphoneos*]" = "Apple Development";
				"CODE_SIGN_IDENTITY[sdk=macosx*]" = "Apple Development";
				CODE_SIGN_STYLE = Automatic;
				DEAD_CODE_STRIPPING = YES;
				DEVELOPMENT_ASSET_PATHS = "\"OrzMC/Preview Content\"";
				ENABLE_HARDENED_RUNTIME = YES;
				GENERATE_INFOPLIST_FILE = YES;
				INFOPLIST_FILE = OrzMC/Common/Info.plist;
				"INFOPLIST_FILE[sdk=iphoneos*]" = "OrzMC/MobileHelper(iOS)/Info.plist";
				"INFOPLIST_FILE[sdk=iphonesimulator*]" = "OrzMC/MobileHelper(iOS)/Info.plist";
				INFOPLIST_KEY_CFBundleDisplayName = OrzMC;
				INFOPLIST_KEY_LSApplicationCategoryType = "public.app-category.utilities";
				"INFOPLIST_KEY_UIApplicationSceneManifest_Generation[sdk=iphoneos*]" = YES;
				"INFOPLIST_KEY_UIApplicationSceneManifest_Generation[sdk=iphonesimulator*]" = YES;
				"INFOPLIST_KEY_UIApplicationSupportsIndirectInputEvents[sdk=iphoneos*]" = YES;
				"INFOPLIST_KEY_UIApplicationSupportsIndirectInputEvents[sdk=iphonesimulator*]" = YES;
				"INFOPLIST_KEY_UILaunchScreen_Generation[sdk=iphoneos*]" = YES;
				"INFOPLIST_KEY_UILaunchScreen_Generation[sdk=iphonesimulator*]" = YES;
				"INFOPLIST_KEY_UIStatusBarStyle[sdk=iphoneos*]" = UIStatusBarStyleDefault;
				"INFOPLIST_KEY_UIStatusBarStyle[sdk=iphonesimulator*]" = UIStatusBarStyleDefault;
				INFOPLIST_KEY_UISupportedInterfaceOrientations_iPad = "UIInterfaceOrientationPortrait UIInterfaceOrientationPortraitUpsideDown UIInterfaceOrientationLandscapeLeft UIInterfaceOrientationLandscapeRight";
				INFOPLIST_KEY_UISupportedInterfaceOrientations_iPhone = "UIInterfaceOrientationPortrait UIInterfaceOrientationLandscapeLeft UIInterfaceOrientationLandscapeRight";
				IPHONEOS_DEPLOYMENT_TARGET = 18.0;
				LD_RUNPATH_SEARCH_PATHS = "@executable_path/Frameworks";
				"LD_RUNPATH_SEARCH_PATHS[sdk=macosx*]" = "@executable_path/../Frameworks";
				PRODUCT_BUNDLE_IDENTIFIER = com.joker.OrzMC;
				"PRODUCT_BUNDLE_IDENTIFIER[sdk=iphoneos*]" = com.joker.OrzMC.iOS;
				"PRODUCT_BUNDLE_IDENTIFIER[sdk=iphonesimulator*]" = com.joker.OrzMC.iOS;
				PRODUCT_NAME = "$(TARGET_NAME)";
				PROVISIONING_PROFILE_SPECIFIER = "";
				SUPPORTED_PLATFORMS = "iphoneos iphonesimulator macosx";
				SUPPORTS_MACCATALYST = NO;
				TARGETED_DEVICE_FAMILY = 1;
			};
			name = Release;
		};
		C0D0000B0000000000000001 /* Debug */ = {
			isa = XCBuildConfiguration;
			baseConfigurationReference = F3FFCD152C45856100414587 /* Config.xcconfig */;
			buildSettings = {
				BUNDLE_LOADER = "$(TEST_HOST)";
				CODE_SIGN_STYLE = Automatic;
				DEVELOPMENT_TEAM = 2N62934Y28;
				GENERATE_INFOPLIST_FILE = YES;
				LD_RUNPATH_SEARCH_PATHS = (
					"$(inherited)",
					"@executable_path/../Frameworks",
					"@loader_path/../Frameworks",
				);
				MACOSX_DEPLOYMENT_TARGET = 14.0;
				PRODUCT_BUNDLE_IDENTIFIER = com.joker.OrzMCTests;
				PRODUCT_NAME = "$(TARGET_NAME)";
				SKIP_INSTALL = YES;
				SUPPORTED_PLATFORMS = macosx;
				SWIFT_ACTIVE_COMPILATION_CONDITIONS = DEBUG;
				SWIFT_VERSION = 6.0;
				TEST_HOST = "$(BUILT_PRODUCTS_DIR)/OrzMC.app/$(BUNDLE_EXECUTABLE_FOLDER_PATH)/OrzMC";
			};
			name = Debug;
		};
		C0D0000B0000000000000002 /* Release */ = {
			isa = XCBuildConfiguration;
			baseConfigurationReference = F3FFCD152C45856100414587 /* Config.xcconfig */;
			buildSettings = {
				BUNDLE_LOADER = "$(TEST_HOST)";
				CODE_SIGN_STYLE = Automatic;
				DEVELOPMENT_TEAM = 2N62934Y28;
				GENERATE_INFOPLIST_FILE = YES;
				LD_RUNPATH_SEARCH_PATHS = (
					"$(inherited)",
					"@executable_path/../Frameworks",
					"@loader_path/../Frameworks",
				);
				MACOSX_DEPLOYMENT_TARGET = 14.0;
				PRODUCT_BUNDLE_IDENTIFIER = com.joker.OrzMCTests;
				PRODUCT_NAME = "$(TARGET_NAME)";
				SKIP_INSTALL = YES;
				SUPPORTED_PLATFORMS = macosx;
				SWIFT_VERSION = 6.0;
				TEST_HOST = "$(BUILT_PRODUCTS_DIR)/OrzMC.app/$(BUNDLE_EXECUTABLE_FOLDER_PATH)/OrzMC";
			};
			name = Release;
		};
/* End XCBuildConfiguration section */

/* Begin XCConfigurationList section */
		2B1C798D28FEAB0600D53658 /* Build configuration list for PBXProject "OrzMC" */ = {
			isa = XCConfigurationList;
			buildConfigurations = (
				2B1C79BA28FEAB0700D53658 /* Debug */,
				2B1C79BB28FEAB0700D53658 /* Release */,
			);
			defaultConfigurationIsVisible = 0;
			defaultConfigurationName = Release;
		};
		2B1C79BC28FEAB0700D53658 /* Build configuration list for PBXNativeTarget "OrzMC" */ = {
			isa = XCConfigurationList;
			buildConfigurations = (
				2B1C79BD28FEAB0700D53658 /* Debug */,
				2B1C79BE28FEAB0700D53658 /* Release */,
			);
			defaultConfigurationIsVisible = 0;
			defaultConfigurationName = Release;
		};
		C0D000080000000000000001 /* Build configuration list for PBXNativeTarget "OrzMCTests" */ = {
			isa = XCConfigurationList;
			buildConfigurations = (
				C0D0000B0000000000000001 /* Debug */,
				C0D0000B0000000000000002 /* Release */,
			);
			defaultConfigurationIsVisible = 0;
			defaultConfigurationName = Release;
		};
/* End XCConfigurationList section */

/* Begin XCRemoteSwiftPackageReference section */
		2B62C97F2BF73EBD00387498 /* XCRemoteSwiftPackageReference "ExarotonAPI" */ = {
			isa = XCRemoteSwiftPackageReference;
			repositoryURL = "https://github.com/wangzhizhou/ExarotonAPI.git";
			requirement = {
				kind = upToNextMajorVersion;
				minimumVersion = 0.0.9;
			};
		};
		2B8442F42E17B28D00CB0EA0 /* XCRemoteSwiftPackageReference "OrzMCKit" */ = {
			isa = XCRemoteSwiftPackageReference;
			repositoryURL = "https://github.com/OrzGeeker/OrzMCKit.git";
			requirement = {
				kind = upToNextMajorVersion;
				minimumVersion = 0.0.6;
			};
		};
		F353DDDE2BFE600F0097986E /* XCRemoteSwiftPackageReference "OrzAppUpdater" */ = {
			isa = XCRemoteSwiftPackageReference;
			repositoryURL = "https://github.com/OrzGeeker/OrzAppUpdater.git";
			requirement = {
				kind = upToNextMajorVersion;
				minimumVersion = 0.0.2;
			};
		};
		F3B4D0E32A1A79390095B108 /* XCRemoteSwiftPackageReference "BlueSocket" */ = {
			isa = XCRemoteSwiftPackageReference;
			repositoryURL = "https://github.com/Kitura/BlueSocket.git";
			requirement = {
				kind = upToNextMajorVersion;
				minimumVersion = 2.0.4;
			};
		};
		F3FF37782C46EF1800BBDACE /* XCRemoteSwiftPackageReference "OrzSwiftKit" */ = {
			isa = XCRemoteSwiftPackageReference;
			repositoryURL = "https://github.com/OrzGeeker/OrzSwiftKit.git";
			requirement = {
				kind = upToNextMajorVersion;
				minimumVersion = 0.0.17;
			};
		};
/* End XCRemoteSwiftPackageReference section */

/* Begin XCSwiftPackageProductDependency section */
		2B8442F52E17B28D00CB0EA0 /* Game */ = {
			isa = XCSwiftPackageProductDependency;
			package = 2B8442F42E17B28D00CB0EA0 /* XCRemoteSwiftPackageReference "OrzMCKit" */;
			productName = Game;
		};
		E20C65892C8AFD8400831909 /* OrzAppUpdater */ = {
			isa = XCSwiftPackageProductDependency;
			productName = OrzAppUpdater;
		};
		E20C658B2C8AFD8F00831909 /* ExarotonHTTP */ = {
			isa = XCSwiftPackageProductDependency;
			package = 2B62C97F2BF73EBD00387498 /* XCRemoteSwiftPackageReference "ExarotonAPI" */;
			productName = ExarotonHTTP;
		};
		E20C65912C8AFDB400831909 /* SwiftUIX */ = {
			isa = XCSwiftPackageProductDependency;
			package = F3FF37782C46EF1800BBDACE /* XCRemoteSwiftPackageReference "OrzSwiftKit" */;
			productName = SwiftUIX;
		};
		E20C65932C8AFE4F00831909 /* ExarotonWebSocket */ = {
			isa = XCSwiftPackageProductDependency;
			package = 2B62C97F2BF73EBD00387498 /* XCRemoteSwiftPackageReference "ExarotonAPI" */;
			productName = ExarotonWebSocket;
		};
		F310C79B2C8B47DF00590F32 /* Socket */ = {
			isa = XCSwiftPackageProductDependency;
			package = F3B4D0E32A1A79390095B108 /* XCRemoteSwiftPackageReference "BlueSocket" */;
			productName = Socket;
		};
/* End XCSwiftPackageProductDependency section */
	};
	rootObject = 2B1C798A28FEAB0600D53658 /* Project object */;
}
